
Microsoft Visual Studio Solution File, Format Version 12.00
# Visual Studio Version 17
VisualStudioVersion = 17.9.34310.174
MinimumVisualStudioVersion = 10.0.40219.1
Project("{FAE04EC0-301F-11D3-BF4B-00C04F79EFBC}") = "Microservices.Tutorial.CQRS.Example", "Microservices.Tutorial.CQRS.Example\Microservices.Tutorial.CQRS.Example.csproj", "{35E9FE41-7724-4EF9-B20D-D000BE1D7229}"
EndProject
Global
	GlobalSection(SolutionConfigurationPlatforms) = preSolution
		Debug|Any CPU = Debug|Any CPU
		Release|Any CPU = Release|Any CPU
	EndGlobalSection
	GlobalSection(ProjectConfigurationPlatforms) = postSolution
		{35E9FE41-7724-4EF9-B20D-D000BE1D7229}.Debug|Any CPU.ActiveCfg = Debug|Any CPU
		{35E9FE41-7724-4EF9-B20D-D000BE1D7229}.Debug|Any CPU.Build.0 = Debug|Any CPU
		{35E9FE41-7724-4EF9-B20D-D000BE1D7229}.Release|Any CPU.ActiveCfg = Release|Any CPU
		{35E9FE41-7724-4EF9-B20D-D000BE1D7229}.Release|Any CPU.Build.0 = Release|Any CPU
	EndGlobalSection
	GlobalSection(SolutionProperties) = preSolution
		HideSolutionNode = FALSE
	EndGlobalSection
	GlobalSection(ExtensibilityGlobals) = postSolution
		SolutionGuid = {A8CCEDDA-D60C-4F8F-AF38-9A3047E28DD1}
	EndGlobalSection
EndGlobal
